
Microsoft Visual Studio Solution File, Format Version 12.00
# Visual Studio Version 16
VisualStudioVersion = 16.0.31624.102
MinimumVisualStudioVersion = 10.0.40219.1
Project("{FAE04EC0-301F-11D3-BF4B-00C04F79EFBC}") = "JobSeed.WebMVC", "JobSeed.WebMVC\JobSeed.WebMVC.csproj", "{1148D11F-611A-446F-964E-62D316A22CA3}"
EndProject
Project("{FAE04EC0-301F-11D3-BF4B-00C04F79EFBC}") = "JobSeed.Data", "JobSeed.Data\JobSeed.Data.csproj", "{DEAAD23C-764B-4BBB-A768-12CFAF2B3362}"
EndProject
Project("{FAE04EC0-301F-11D3-BF4B-00C04F79EFBC}") = "JobSeed.Models", "JobSeed.Models\JobSeed.Models.csproj", "{812A0512-E5DE-4B67-BF67-A8FE36AAB7F7}"
EndProject
Project("{FAE04EC0-301F-11D3-BF4B-00C04F79EFBC}") = "JobSeed.Services", "JobSeed.Services\JobSeed.Services.csproj", "{3ED51427-F780-4341-99B6-493D1B884D19}"
EndProject
Project("{FAE04EC0-301F-11D3-BF4B-00C04F79EFBC}") = "JobSeed.Contracts", "JobSeed.Contracts\JobSeed.Contracts.csproj", "{2A0211C0-F1D7-437B-8A5A-B4E397661AF5}"
EndProject
Global
	GlobalSection(SolutionConfigurationPlatforms) = preSolution
		Debug|Any CPU = Debug|Any CPU
		Release|Any CPU = Release|Any CPU
	EndGlobalSection
	GlobalSection(ProjectConfigurationPlatforms) = postSolution
		{1148D11F-611A-446F-964E-62D316A22CA3}.Debug|Any CPU.ActiveCfg = Debug|Any CPU
		{1148D11F-611A-446F-964E-62D316A22CA3}.Debug|Any CPU.Build.0 = Debug|Any CPU
		{1148D11F-611A-446F-964E-62D316A22CA3}.Release|Any CPU.ActiveCfg = Release|Any CPU
		{1148D11F-611A-446F-964E-62D316A22CA3}.Release|Any CPU.Build.0 = Release|Any CPU
		{DEAAD23C-764B-4BBB-A768-12CFAF2B3362}.Debug|Any CPU.ActiveCfg = Debug|Any CPU
		{DEAAD23C-764B-4BBB-A768-12CFAF2B3362}.Debug|Any CPU.Build.0 = Debug|Any CPU
		{DEAAD23C-764B-4BBB-A768-12CFAF2B3362}.Release|Any CPU.ActiveCfg = Release|Any CPU
		{DEAAD23C-764B-4BBB-A768-12CFAF2B3362}.Release|Any CPU.Build.0 = Release|Any CPU
		{812A0512-E5DE-4B67-BF67-A8FE36AAB7F7}.Debug|Any CPU.ActiveCfg = Debug|Any CPU
		{812A0512-E5DE-4B67-BF67-A8FE36AAB7F7}.Debug|Any CPU.Build.0 = Debug|Any CPU
		{812A0512-E5DE-4B67-BF67-A8FE36AAB7F7}.Release|Any CPU.ActiveCfg = Release|Any CPU
		{812A0512-E5DE-4B67-BF67-A8FE36AAB7F7}.Release|Any CPU.Build.0 = Release|Any CPU
		{3ED51427-F780-4341-99B6-493D1B884D19}.Debug|Any CPU.ActiveCfg = Debug|Any CPU
		{3ED51427-F780-4341-99B6-493D1B884D19}.Debug|Any CPU.Build.0 = Debug|Any CPU
		{3ED51427-F780-4341-99B6-493D1B884D19}.Release|Any CPU.ActiveCfg = Release|Any CPU
		{3ED51427-F780-4341-99B6-493D1B884D19}.Release|Any CPU.Build.0 = Release|Any CPU
		{2A0211C0-F1D7-437B-8A5A-B4E397661AF5}.Debug|Any CPU.ActiveCfg = Debug|Any CPU
		{2A0211C0-F1D7-437B-8A5A-B4E397661AF5}.Debug|Any CPU.Build.0 = Debug|Any CPU
		{2A0211C0-F1D7-437B-8A5A-B4E397661AF5}.Release|Any CPU.ActiveCfg = Release|Any CPU
		{2A0211C0-F1D7-437B-8A5A-B4E397661AF5}.Release|Any CPU.Build.0 = Release|Any CPU
	EndGlobalSection
	GlobalSection(SolutionProperties) = preSolution
		HideSolutionNode = FALSE
	EndGlobalSection
	GlobalSection(ExtensibilityGlobals) = postSolution
		SolutionGuid = {22E985DD-E31B-4527-A0A6-B1FCAE63E632}
	EndGlobalSection
EndGlobal
